
Microsoft Visual Studio Solution File, Format Version 12.00
# Visual Studio Version 17
VisualStudioVersion = 17.9.34407.89
MinimumVisualStudioVersion = 10.0.40219.1
Project("{FAE04EC0-301F-11D3-BF4B-00C04F79EFBC}") = "ADO-KN-P-211", "ADO-KN-P-211.csproj", "{91537107-9D92-4E43-AE67-4E5389E4697D}"
EndProject
Global
	GlobalSection(SolutionConfigurationPlatforms) = preSolution
		Debug|Any CPU = Debug|Any CPU
		Release|Any CPU = Release|Any CPU
	EndGlobalSection
	GlobalSection(ProjectConfigurationPlatforms) = postSolution
		{91537107-9D92-4E43-AE67-4E5389E4697D}.Debug|Any CPU.ActiveCfg = Debug|Any CPU
		{91537107-9D92-4E43-AE67-4E5389E4697D}.Debug|Any CPU.Build.0 = Debug|Any CPU
		{91537107-9D92-4E43-AE67-4E5389E4697D}.Release|Any CPU.ActiveCfg = Release|Any CPU
		{91537107-9D92-4E43-AE67-4E5389E4697D}.Release|Any CPU.Build.0 = Release|Any CPU
	EndGlobalSection
	GlobalSection(SolutionProperties) = preSolution
		HideSolutionNode = FALSE
	EndGlobalSection
	GlobalSection(ExtensibilityGlobals) = postSolution
		SolutionGuid = {ABBDF727-F9FD-486F-AED0-DB7ECD190CC8}
	EndGlobalSection
EndGlobal
